
Microsoft Visual Studio Solution File, Format Version 12.00
# Visual Studio Version 16
VisualStudioVersion = 16.0.29613.14
MinimumVisualStudioVersion = 10.0.40219.1
Project("{FAE04EC0-301F-11D3-BF4B-00C04F79EFBC}") = "Timer", "Timer.csproj", "{4958FE87-4276-44EF-8285-A2B722337C53}"
EndProject
Global
	GlobalSection(SolutionConfigurationPlatforms) = preSolution
		Debug|Any CPU = Debug|Any CPU
		Release|Any CPU = Release|Any CPU
	EndGlobalSection
	GlobalSection(ProjectConfigurationPlatforms) = postSolution
		{4958FE87-4276-44EF-8285-A2B722337C53}.Debug|Any CPU.ActiveCfg = Debug|Any CPU
		{4958FE87-4276-44EF-8285-A2B722337C53}.Debug|Any CPU.Build.0 = Debug|Any CPU
		{4958FE87-4276-44EF-8285-A2B722337C53}.Release|Any CPU.ActiveCfg = Release|Any CPU
		{4958FE87-4276-44EF-8285-A2B722337C53}.Release|Any CPU.Build.0 = Release|Any CPU
	EndGlobalSection
	GlobalSection(SolutionProperties) = preSolution
		HideSolutionNode = FALSE
	EndGlobalSection
	GlobalSection(ExtensibilityGlobals) = postSolution
		SolutionGuid = {D077D38C-6AAE-47FA-A80E-73662283EE7A}
	EndGlobalSection
EndGlobal
